
Microsoft Visual Studio Solution File, Format Version 12.00
# Visual Studio Version 17
VisualStudioVersion = 17.4.33205.214
MinimumVisualStudioVersion = 10.0.40219.1
Project("{FAE04EC0-301F-11D3-BF4B-00C04F79EFBC}") = "KeyManagerProjectVS2022", "KeyManagerProjectVS2022\KeyManagerProjectVS2022.csproj", "{8B5F8607-D9B7-40F0-A342-F25470097F78}"
EndProject
Global
	GlobalSection(SolutionConfigurationPlatforms) = preSolution
		Debug|Any CPU = Debug|Any CPU
		Release|Any CPU = Release|Any CPU
	EndGlobalSection
	GlobalSection(ProjectConfigurationPlatforms) = postSolution
		{8B5F8607-D9B7-40F0-A342-F25470097F78}.Debug|Any CPU.ActiveCfg = Debug|Any CPU
		{8B5F8607-D9B7-40F0-A342-F25470097F78}.Debug|Any CPU.Build.0 = Debug|Any CPU
		{8B5F8607-D9B7-40F0-A342-F25470097F78}.Release|Any CPU.ActiveCfg = Release|Any CPU
		{8B5F8607-D9B7-40F0-A342-F25470097F78}.Release|Any CPU.Build.0 = Release|Any CPU
	EndGlobalSection
	GlobalSection(SolutionProperties) = preSolution
		HideSolutionNode = FALSE
	EndGlobalSection
	GlobalSection(ExtensibilityGlobals) = postSolution
		SolutionGuid = {51843C5E-EFE6-4CB9-8C9B-E8661CB7ACD0}
	EndGlobalSection
EndGlobal
